
Microsoft Visual Studio Solution File, Format Version 12.00
# Visual Studio Version 17
VisualStudioVersion = 17.6.33829.357
MinimumVisualStudioVersion = 10.0.40219.1
Project("{FAE04EC0-301F-11D3-BF4B-00C04F79EFBC}") = "CommerceDb", "CommerceDb\CommerceDb.csproj", "{05CD5013-43C7-4C96-A0B8-B7B8071F2FEE}"
EndProject
Project("{FAE04EC0-301F-11D3-BF4B-00C04F79EFBC}") = "DataAccess.Layer", "DataAccess.Layer\DataAccess.Layer.csproj", "{F064FEB5-A6A6-4A99-9059-F068B5F3106C}"
EndProject
Project("{FAE04EC0-301F-11D3-BF4B-00C04F79EFBC}") = "BusinessServices.Layer", "BusinessServices.Layer\BusinessServices.Layer.csproj", "{5CC1F6AA-C1B3-4423-B8E4-52C092994D7C}"
EndProject
Project("{FAE04EC0-301F-11D3-BF4B-00C04F79EFBC}") = "CommerceApi", "CommerceApi\CommerceApi.csproj", "{DA6EF73F-EDEA-4F8D-B09F-AAD10133F944}"
EndProject
Global
	GlobalSection(SolutionConfigurationPlatforms) = preSolution
		Debug|Any CPU = Debug|Any CPU
		Release|Any CPU = Release|Any CPU
	EndGlobalSection
	GlobalSection(ProjectConfigurationPlatforms) = postSolution
		{05CD5013-43C7-4C96-A0B8-B7B8071F2FEE}.Debug|Any CPU.ActiveCfg = Debug|Any CPU
		{05CD5013-43C7-4C96-A0B8-B7B8071F2FEE}.Debug|Any CPU.Build.0 = Debug|Any CPU
		{05CD5013-43C7-4C96-A0B8-B7B8071F2FEE}.Release|Any CPU.ActiveCfg = Release|Any CPU
		{05CD5013-43C7-4C96-A0B8-B7B8071F2FEE}.Release|Any CPU.Build.0 = Release|Any CPU
		{F064FEB5-A6A6-4A99-9059-F068B5F3106C}.Debug|Any CPU.ActiveCfg = Debug|Any CPU
		{F064FEB5-A6A6-4A99-9059-F068B5F3106C}.Debug|Any CPU.Build.0 = Debug|Any CPU
		{F064FEB5-A6A6-4A99-9059-F068B5F3106C}.Release|Any CPU.ActiveCfg = Release|Any CPU
		{F064FEB5-A6A6-4A99-9059-F068B5F3106C}.Release|Any CPU.Build.0 = Release|Any CPU
		{5CC1F6AA-C1B3-4423-B8E4-52C092994D7C}.Debug|Any CPU.ActiveCfg = Debug|Any CPU
		{5CC1F6AA-C1B3-4423-B8E4-52C092994D7C}.Debug|Any CPU.Build.0 = Debug|Any CPU
		{5CC1F6AA-C1B3-4423-B8E4-52C092994D7C}.Release|Any CPU.ActiveCfg = Release|Any CPU
		{5CC1F6AA-C1B3-4423-B8E4-52C092994D7C}.Release|Any CPU.Build.0 = Release|Any CPU
		{DA6EF73F-EDEA-4F8D-B09F-AAD10133F944}.Debug|Any CPU.ActiveCfg = Debug|Any CPU
		{DA6EF73F-EDEA-4F8D-B09F-AAD10133F944}.Debug|Any CPU.Build.0 = Debug|Any CPU
		{DA6EF73F-EDEA-4F8D-B09F-AAD10133F944}.Release|Any CPU.ActiveCfg = Release|Any CPU
		{DA6EF73F-EDEA-4F8D-B09F-AAD10133F944}.Release|Any CPU.Build.0 = Release|Any CPU
	EndGlobalSection
	GlobalSection(SolutionProperties) = preSolution
		HideSolutionNode = FALSE
	EndGlobalSection
	GlobalSection(ExtensibilityGlobals) = postSolution
		SolutionGuid = {1692A3A1-4B46-420B-9B86-0DC28EEC4E17}
	EndGlobalSection
EndGlobal
